
Microsoft Visual Studio Solution File, Format Version 12.00
# Visual Studio Version 17
VisualStudioVersion = 17.9.34728.123
MinimumVisualStudioVersion = 10.0.40219.1
Project("{FAE04EC0-301F-11D3-BF4B-00C04F79EFBC}") = "SampleConsoleApp", "SampleConsoleApp\SampleConsoleApp.csproj", "{12042C15-EB0A-4FD4-A4E7-2E0B395D7F69}"
EndProject
Global
	GlobalSection(SolutionConfigurationPlatforms) = preSolution
		Debug|Any CPU = Debug|Any CPU
		Release|Any CPU = Release|Any CPU
	EndGlobalSection
	GlobalSection(ProjectConfigurationPlatforms) = postSolution
		{12042C15-EB0A-4FD4-A4E7-2E0B395D7F69}.Debug|Any CPU.ActiveCfg = Debug|Any CPU
		{12042C15-EB0A-4FD4-A4E7-2E0B395D7F69}.Debug|Any CPU.Build.0 = Debug|Any CPU
		{12042C15-EB0A-4FD4-A4E7-2E0B395D7F69}.Release|Any CPU.ActiveCfg = Release|Any CPU
		{12042C15-EB0A-4FD4-A4E7-2E0B395D7F69}.Release|Any CPU.Build.0 = Release|Any CPU
	EndGlobalSection
	GlobalSection(SolutionProperties) = preSolution
		HideSolutionNode = FALSE
	EndGlobalSection
	GlobalSection(ExtensibilityGlobals) = postSolution
		SolutionGuid = {658BD192-91C8-4D48-99CE-3E7453116ED3}
	EndGlobalSection
EndGlobal
